// !$*UTF8*$!
{
	archiveVersion = 1;
	classes = {
	};
	objectVersion = 46;
	objects = {

/* Begin PBXBuildFile section */
		12411B3D1EB43E76000888DB /* AppDelegate.swift in Sources */ = {isa = PBXBuildFile; fileRef = 12411B3C1EB43E76000888DB /* AppDelegate.swift */; };
		12411B3F1EB43E76000888DB /* ViewController.swift in Sources */ = {isa = PBXBuildFile; fileRef = 12411B3E1EB43E76000888DB /* ViewController.swift */; };
		12411B421EB43E76000888DB /* Main.storyboard in Resources */ = {isa = PBXBuildFile; fileRef = 12411B401EB43E76000888DB /* Main.storyboard */; };
		12411B441EB43E76000888DB /* Assets.xcassets in Resources */ = {isa = PBXBuildFile; fileRef = 12411B431EB43E76000888DB /* Assets.xcassets */; };
		12411B471EB43E76000888DB /* LaunchScreen.storyboard in Resources */ = {isa = PBXBuildFile; fileRef = 12411B451EB43E76000888DB /* LaunchScreen.storyboard */; };
/* End PBXBuildFile section */

/* Begin PBXFileReference section */
		12411B391EB43E76000888DB /* PRAHVI.app */ = {isa = PBXFileReference; explicitFileType = wrapper.application; includeInIndex = 0; path = PRAHVI.app; sourceTree = BUILT_PRODUCTS_DIR; };
		12411B3C1EB43E76000888DB /* AppDelegate.swift */ = {isa = PBXFileReference; lastKnownFileType = sourcecode.swift; path = AppDelegate.swift; sourceTree = "<group>"; };
		12411B3E1EB43E76000888DB /* ViewController.swift */ = {isa = PBXFileReference; lastKnownFileType = sourcecode.swift; path = ViewController.swift; sourceTree = "<group>"; };
		12411B411EB43E76000888DB /* Base */ = {isa = PBXFileReference; lastKnownFileType = file.storyboard; name = Base; path = Base.lproj/Main.storyboard; sourceTree = "<group>"; };
		12411B431EB43E76000888DB /* Assets.xcassets */ = {isa = PBXFileReference; lastKnownFileType = folder.assetcatalog; path = Assets.xcassets; sourceTree = "<group>"; };
		12411B461EB43E76000888DB /* Base */ = {isa = PBXFileReference; lastKnownFileType = file.storyboard; name = Base; path = Base.lproj/LaunchScreen.storyboard; sourceTree = "<group>"; };
		12411B481EB43E76000888DB /* Info.plist */ = {isa = PBXFileReference; lastKnownFileType = text.plist.xml; path = Info.plist; sourceTree = "<group>"; };
/* End PBXFileReference section */

/* Begin PBXFrameworksBuildPhase section */
		12411B361EB43E76000888DB /* Frameworks */ = {
			isa = PBXFrameworksBuildPhase;
			buildActionMask = 2147483647;
			files = (
			);
			runOnlyForDeploymentPostprocessing = 0;
		};
/* End PBXFrameworksBuildPhase section */

/* Begin PBXGroup section */
		12411B301EB43E76000888DB = {
			isa = PBXGroup;
			children = (
				12411B3B1EB43E76000888DB /* PRAHVI */,
				12411B3A1EB43E76000888DB /* Products */,
			);
			sourceTree = "<group>";
		};
		12411B3A1EB43E76000888DB /* Products */ = {
			isa = PBXGroup;
			children = (
				12411B391EB43E76000888DB /* PRAHVI.app */,
			);
			name = Products;
			sourceTree = "<group>";
		};
		12411B3B1EB43E76000888DB /* PRAHVI */ = {
			isa = PBXGroup;
			children = (
				12411B3C1EB43E76000888DB /* AppDelegate.swift */,
				12411B3E1EB43E76000888DB /* ViewController.swift */,
				12411B401EB43E76000888DB /* Main.storyboard */,
				12411B431EB43E76000888DB /* Assets.xcassets */,
				12411B451EB43E76000888DB /* LaunchScreen.storyboard */,
				12411B481EB43E76000888DB /* Info.plist */,
			);
			path = PRAHVI;
			sourceTree = "<group>";
		};
/* End PBXGroup section */

/* Begin PBXNativeTarget section */
		12411B381EB43E76000888DB /* PRAHVI */ = {
			isa = PBXNativeTarget;
			buildConfigurationList = 12411B4B1EB43E76000888DB /* Build configuration list for PBXNativeTarget "PRAHVI" */;
			buildPhases = (
				12411B351EB43E76000888DB /* Sources */,
				12411B361EB43E76000888DB /* Frameworks */,
				12411B371EB43E76000888DB /* Resources */,
			);
			buildRules = (
			);
			dependencies = (
			);
			name = PRAHVI;
			productName = PRAHVI;
			productReference = 12411B391EB43E76000888DB /* PRAHVI.app */;
			productType = "com.apple.product-type.application";
		};
/* End PBXNativeTarget section */

/* Begin PBXProject section */
		12411B311EB43E76000888DB /* Project object */ = {
			isa = PBXProject;
			attributes = {
				LastSwiftUpdateCheck = 0830;
				LastUpgradeCheck = 0830;
				ORGANIZATIONNAME = Modoki;
				TargetAttributes = {
					12411B381EB43E76000888DB = {
						CreatedOnToolsVersion = 8.3.2;
						DevelopmentTeam = SL8E63CST5;
						ProvisioningStyle = Automatic;
					};
				};
			};
			buildConfigurationList = 12411B341EB43E76000888DB /* Build configuration list for PBXProject "PRAHVI" */;
			compatibilityVersion = "Xcode 3.2";
			developmentRegion = English;
			hasScannedForEncodings = 0;
			knownRegions = (
				en,
				Base,
			);
			mainGroup = 12411B301EB43E76000888DB;
			productRefGroup = 12411B3A1EB43E76000888DB /* Products */;
			projectDirPath = "";
			projectRoot = "";
			targets = (
				12411B381EB43E76000888DB /* PRAHVI */,
			);
		};
/* End PBXProject section */

/* Begin PBXResourcesBuildPhase section */
		12411B371EB43E76000888DB /* Resources */ = {
			isa = PBXResourcesBuildPhase;
			buildActionMask = 2147483647;
			files = (
				12411B471EB43E76000888DB /* LaunchScreen.storyboard in Resources */,
				12411B441EB43E76000888DB /* Assets.xcassets in Resources */,
				12411B421EB43E76000888DB /* Main.storyboard in Resources */,
			);
			runOnlyForDeploymentPostprocessing = 0;
		};
/* End PBXResourcesBuildPhase section */

/* Begin PBXSourcesBuildPhase section */
		12411B351EB43E76000888DB /* Sources */ = {
			isa = PBXSourcesBuildPhase;
			buildActionMask = 2147483647;
			files = (
				12411B3F1EB43E76000888DB /* ViewController.swift in Sources */,
				12411B3D1EB43E76000888DB /* AppDelegate.swift in Sources */,
			);
			runOnlyForDeploymentPostprocessing = 0;
		};
/* End PBXSourcesBuildPhase section */

/* Begin PBXVariantGroup section */
		12411B401EB43E76000888DB /* Main.storyboard */ = {
			isa = PBXVariantGroup;
			children = (
				12411B411EB43E76000888DB /* Base */,
			);
			name = Main.storyboard;
			sourceTree = "<group>";
		};
		12411B451EB43E76000888DB /* LaunchScreen.storyboard */ = {
			isa = PBXVariantGroup;
			children = (
				12411B461EB43E76000888DB /* Base */,
			);
			name = LaunchScreen.storyboard;
			sourceTree = "<group>";
		};
/* End PBXVariantGroup section */

/* Begin XCBuildConfiguration section */
		12411B491EB43E76000888DB /* Debug */ = {
			isa = XCBuildConfiguration;
			buildSettings = {
				ALWAYS_SEARCH_USER_PATHS = NO;
				CLANG_ANALYZER_NONNULL = YES;
				CLANG_ANALYZER_NUMBER_OBJECT_CONVERSION = YES_AGGRESSIVE;
				CLANG_CXX_LANGUAGE_STANDARD = "gnu++0x";
				CLANG_CXX_LIBRARY = "libc++";
				CLANG_ENABLE_MODULES = YES;
				CLANG_ENABLE_OBJC_ARC = YES;
				CLANG_WARN_BOOL_CONVERSION = YES;
				CLANG_WARN_CONSTANT_CONVERSION = YES;
				CLANG_WARN_DIRECT_OBJC_ISA_USAGE = YES_ERROR;
				CLANG_WARN_DOCUMENTATION_COMMENTS = YES;
				CLANG_WARN_EMPTY_BODY = YES;
				CLANG_WARN_ENUM_CONVERSION = YES;
				CLANG_WARN_INFINITE_RECURSION = YES;
				CLANG_WARN_INT_CONVERSION = YES;
				CLANG_WARN_OBJC_ROOT_CLASS = YES_ERROR;
				CLANG_WARN_SUSPICIOUS_MOVE = YES;
				CLANG_WARN_UNREACHABLE_CODE = YES;
				CLANG_WARN__DUPLICATE_METHOD_MATCH = YES;
				"CODE_SIGN_IDENTITY[sdk=iphoneos*]" = "iPhone Developer";
				COPY_PHASE_STRIP = NO;
				DEBUG_INFORMATION_FORMAT = dwarf;
				ENABLE_STRICT_OBJC_MSGSEND = YES;
				ENABLE_TESTABILITY = YES;
				GCC_C_LANGUAGE_STANDARD = gnu99;
				GCC_DYNAMIC_NO_PIC = NO;
				GCC_NO_COMMON_BLOCKS = YES;
				GCC_OPTIMIZATION_LEVEL = 0;
				GCC_PREPROCESSOR_DEFINITIONS = (
					"DEBUG=1",
					"$(inherited)",
				);
				GCC_WARN_64_TO_32_BIT_CONVERSION = YES;
				GCC_WARN_ABOUT_RETURN_TYPE = YES_ERROR;
				GCC_WARN_UNDECLARED_SELECTOR = YES;
				GCC_WARN_UNINITIALIZED_AUTOS = YES_AGGRESSIVE;
				GCC_WARN_UNUSED_FUNCTION = YES;
				GCC_WARN_UNUSED_VARIABLE = YES;
				IPHONEOS_DEPLOYMENT_TARGET = 10.3;
				MTL_ENABLE_DEBUG_INFO = YES;
				ONLY_ACTIVE_ARCH = YES;
				SDKROOT = iphoneos;
				SWIFT_ACTIVE_COMPILATION_CONDITIONS = DEBUG;
				SWIFT_OPTIMIZATION_LEVEL = "-Onone";
			};
			name = Debug;
		};
		12411B4A1EB43E76000888DB /* Release */ = {
			isa = XCBuildConfiguration;
			buildSettings = {
				ALWAYS_SEARCH_USER_PATHS = NO;
				CLANG_ANALYZER_NONNULL = YES;
				CLANG_ANALYZER_NUMBER_OBJECT_CONVERSION = YES_AGGRESSIVE;
				CLANG_CXX_LANGUAGE_STANDARD = "gnu++0x";
				CLANG_CXX_LIBRARY = "libc++";
				CLANG_ENABLE_MODULES = YES;
				CLANG_ENABLE_OBJC_ARC = YES;
				CLANG_WARN_BOOL_CONVERSION = YES;
				CLANG_WARN_CONSTANT_CONVERSION = YES;
				CLANG_WARN_DIRECT_OBJC_ISA_USAGE = YES_ERROR;
				CLANG_WARN_DOCUMENTATION_COMMENTS = YES;
				CLANG_WARN_EMPTY_BODY = YES;
				CLANG_WARN_ENUM_CONVERSION = YES;
				CLANG_WARN_INFINITE_RECURSION = YES;
				CLANG_WARN_INT_CONVERSION = YES;
				CLANG_WARN_OBJC_ROOT_CLASS = YES_ERROR;
				CLANG_WARN_SUSPICIOUS_MOVE = YES;
				CLANG_WARN_UNREACHABLE_CODE = YES;
				CLANG_WARN__DUPLICATE_METHOD_MATCH = YES;
				"CODE_SIGN_IDENTITY[sdk=iphoneos*]" = "iPhone Developer";
				COPY_PHASE_STRIP = NO;
				DEBUG_INFORMATION_FORMAT = "dwarf-with-dsym";
				ENABLE_NS_ASSERTIONS = NO;
				ENABLE_STRICT_OBJC_MSGSEND = YES;
				GCC_C_LANGUAGE_STANDARD = gnu99;
				GCC_NO_COMMON_BLOCKS = YES;
				GCC_WARN_64_TO_32_BIT_CONVERSION = YES;
				GCC_WARN_ABOUT_RETURN_TYPE = YES_ERROR;
				GCC_WARN_UNDECLARED_SELECTOR = YES;
				GCC_WARN_UNINITIALIZED_AUTOS = YES_AGGRESSIVE;
				GCC_WARN_UNUSED_FUNCTION = YES;
				GCC_WARN_UNUSED_VARIABLE = YES;
				IPHONEOS_DEPLOYMENT_TARGET = 10.3;
				MTL_ENABLE_DEBUG_INFO = NO;
				SDKROOT = iphoneos;
				SWIFT_OPTIMIZATION_LEVEL = "-Owholemodule";
				VALIDATE_PRODUCT = YES;
			};
			name = Release;
		};
		12411B4C1EB43E76000888DB /* Debug */ = {
			isa = XCBuildConfiguration;
			buildSettings = {
				ASSETCATALOG_COMPILER_APPICON_NAME = AppIcon;
				DEVELOPMENT_TEAM = SL8E63CST5;
				INFOPLIST_FILE = PRAHVI/Info.plist;
				LD_RUNPATH_SEARCH_PATHS = "$(inherited) @executable_path/Frameworks";
				PRODUCT_BUNDLE_IDENTIFIER = com.modoki.PRAHVI;
				PRODUCT_NAME = "$(TARGET_NAME)";
				SWIFT_VERSION = 3.0;
			};
			name = Debug;
		};
		12411B4D1EB43E76000888DB /* Release */ = {
			isa = XCBuildConfiguration;
			buildSettings = {
				ASSETCATALOG_COMPILER_APPICON_NAME = AppIcon;
				DEVELOPMENT_TEAM = SL8E63CST5;
				INFOPLIST_FILE = PRAHVI/Info.plist;
				LD_RUNPATH_SEARCH_PATHS = "$(inherited) @executable_path/Frameworks";
				PRODUCT_BUNDLE_IDENTIFIER = com.modoki.PRAHVI;
				PRODUCT_NAME = "$(TARGET_NAME)";
				SWIFT_VERSION = 3.0;
			};
			name = Release;
		};
/* End XCBuildConfiguration section */

/* Begin XCConfigurationList section */
		12411B341EB43E76000888DB /* Build configuration list for PBXProject "PRAHVI" */ = {
			isa = XCConfigurationList;
			buildConfigurations = (
				12411B491EB43E76000888DB /* Debug */,
				12411B4A1EB43E76000888DB /* Release */,
			);
			defaultConfigurationIsVisible = 0;
			defaultConfigurationName = Release;
		};
		12411B4B1EB43E76000888DB /* Build configuration list for PBXNativeTarget "PRAHVI" */ = {
			isa = XCConfigurationList;
			buildConfigurations = (
				12411B4C1EB43E76000888DB /* Debug */,
				12411B4D1EB43E76000888DB /* Release */,
			);
			defaultConfigurationIsVisible = 0;
			defaultConfigurationName = Release;
		};
/* End XCConfigurationList section */
	};
	rootObject = 12411B311EB43E76000888DB /* Project object */;
}
